<?xml version="1.0" encoding="utf-8"?>
<Project ToolsVersion="4.0" xmlns="http://schemas.microsoft.com/developer/msbuild/2003">
  <ItemGroup>
    <Filter Include="源文件">
      <UniqueIdentifier>{4FC737F1-C7A5-4376-A066-2A32D752A2FF}</UniqueIdentifier>
      <Extensions>cpp;c;cc;cxx;def;odl;idl;hpj;bat;asm;asmx</Extensions>
    </Filter>
    <Filter Include="头文件">
      <UniqueIdentifier>{93995380-89BD-4b04-88EB-625FBE52EBFB}</UniqueIdentifier>
      <Extensions>h;hh;hpp;hxx;hm;inl;inc;xsd</Extensions>
    </Filter>
    <Filter Include="资源文件">
      <UniqueIdentifier>{67DA6AB6-F800-4c08-8B7A-83BB121AAD01}</UniqueIdentifier>
      <Extensions>rc;ico;cur;bmp;dlg;rc2;rct;bin;rgs;gif;jpg;jpeg;jpe;resx;tiff;tif;png;wav;mfcribbon-ms</Extensions>
    </Filter>
    <Filter Include="头文件\Core">
      <UniqueIdentifier>{5760289f-cd71-4017-9f3d-fd4b93200f3f}</UniqueIdentifier>
    </Filter>
    <Filter Include="头文件\thirdpart">
      <UniqueIdentifier>{9c3c6ba5-cb07-4078-a479-86da805f4656}</UniqueIdentifier>
    </Filter>
    <Filter Include="头文件\Utils">
      <UniqueIdentifier>{79313bdc-1ac2-436c-9484-38880c6b7729}</UniqueIdentifier>
    </Filter>
    <Filter Include="源文件\Core">
      <UniqueIdentifier>{91e64244-632a-4b97-ad24-d64f2b619677}</UniqueIdentifier>
    </Filter>
    <Filter Include="源文件\thirdpart">
      <UniqueIdentifier>{6299c3b4-2ba4-4c8e-975a-9e7f6ae89af9}</UniqueIdentifier>
    </Filter>
    <Filter Include="源文件\Utils">
      <UniqueIdentifier>{c01ba908-cf74-4f00-8fb5-47a7fe1cc639}</UniqueIdentifier>
    </Filter>
    <Filter Include="源文件\thirdpart\rapidxml">
      <UniqueIdentifier>{81ecd23f-3591-42cb-971d-42f991084727}</UniqueIdentifier>
    </Filter>
    <Filter Include="头文件\thirdpart\zlib">
      <UniqueIdentifier>{8a532910-b7e1-4d81-8df5-da9e3994c03f}</UniqueIdentifier>
    </Filter>
    <Filter Include="源文件\thirdpart\zlib">
      <UniqueIdentifier>{917a2c94-3b55-44b4-ab23-43edbbf8abf2}</UniqueIdentifier>
    </Filter>
    <Filter Include="头文件\Core\Resource">
      <UniqueIdentifier>{232c6e0e-8cf7-4d9b-bdbc-b18bab18f6c7}</UniqueIdentifier>
    </Filter>
    <Filter Include="源文件\Core\Resource">
      <UniqueIdentifier>{c4fe8ee9-b038-496c-a6db-6c4dc44aeac1}</UniqueIdentifier>
    </Filter>
    <Filter Include="头文件\Control">
      <UniqueIdentifier>{b61fe966-428d-42f8-9ed2-7d42925461af}</UniqueIdentifier>
    </Filter>
    <Filter Include="源文件\Control">
      <UniqueIdentifier>{a5e92202-1ae5-4dc3-8f56-f4fd0dcb2a71}</UniqueIdentifier>
    </Filter>
    <Filter Include="头文件\Control\Layout">
      <UniqueIdentifier>{56214bc2-bc31-4bca-b14d-164186795b24}</UniqueIdentifier>
    </Filter>
    <Filter Include="源文件\Control\Layout">
      <UniqueIdentifier>{4be2e7b6-62fe-49c7-a8a0-837d46d516c1}</UniqueIdentifier>
    </Filter>
    <Filter Include="头文件\Core\Render">
      <UniqueIdentifier>{038fdc5f-3f07-4ff7-aa5c-3f5ba5d27fdc}</UniqueIdentifier>
    </Filter>
    <Filter Include="源文件\Core\Render">
      <UniqueIdentifier>{34cfba69-3721-42cc-aa6c-56680d361e29}</UniqueIdentifier>
    </Filter>
  </ItemGroup>
  <ItemGroup>
    <ClInclude Include="DuiMini.h">
      <Filter>头文件</Filter>
    </ClInclude>
    <ClInclude Include="StdAfx.h">
      <Filter>头文件</Filter>
    </ClInclude>
    <ClInclude Include="Core\UISystem.h">
      <Filter>头文件\Core</Filter>
    </ClInclude>
    <ClInclude Include="Utils\UIUtils.h">
      <Filter>头文件\Utils</Filter>
    </ClInclude>
    <ClInclude Include="Utils\UIRecLog.h">
      <Filter>头文件\Utils</Filter>
    </ClInclude>
    <ClInclude Include="thirdpart\zlib\zconf.h">
      <Filter>头文件\thirdpart\zlib</Filter>
    </ClInclude>
    <ClInclude Include="thirdpart\zlib\zlib.h">
      <Filter>头文件\thirdpart\zlib</Filter>
    </ClInclude>
    <ClInclude Include="thirdpart\zlib\ioapi.h">
      <Filter>头文件\thirdpart\zlib</Filter>
    </ClInclude>
    <ClInclude Include="thirdpart\zlib\iowin32.h">
      <Filter>头文件\thirdpart\zlib</Filter>
    </ClInclude>
    <ClInclude Include="thirdpart\zlib\unzip.h">
      <Filter>头文件\thirdpart\zlib</Filter>
    </ClInclude>
    <ClInclude Include="thirdpart\rapidxml\rapidxml_print.hpp">
      <Filter>源文件\thirdpart\rapidxml</Filter>
    </ClInclude>
    <ClInclude Include="thirdpart\rapidxml\rapidxml_utils.hpp">
      <Filter>源文件\thirdpart\rapidxml</Filter>
    </ClInclude>
    <ClInclude Include="thirdpart\rapidxml\rapidxml.hpp">
      <Filter>源文件\thirdpart\rapidxml</Filter>
    </ClInclude>
    <ClInclude Include="resource.h">
      <Filter>头文件</Filter>
    </ClInclude>
    <ClInclude Include="Utils\UIException.h">
      <Filter>头文件\Utils</Filter>
    </ClInclude>
    <ClInclude Include="Core\UIInterface.h">
      <Filter>头文件\Core</Filter>
    </ClInclude>
    <ClInclude Include="Core\Resource\UIResFile.h">
      <Filter>头文件\Core\Resource</Filter>
    </ClInclude>
    <ClInclude Include="Core\Resource\UIResZip.h">
      <Filter>头文件\Core\Resource</Filter>
    </ClInclude>
    <ClInclude Include="Utils\UIUnzip.h">
      <Filter>头文件\Utils</Filter>
    </ClInclude>
    <ClInclude Include="Core\Resource\UIResRC.h">
      <Filter>头文件\Core\Resource</Filter>
    </ClInclude>
    <ClInclude Include="Core\Resource\UIResource.h">
      <Filter>头文件\Core\Resource</Filter>
    </ClInclude>
    <ClInclude Include="Core\UIDialog.h">
      <Filter>头文件\Core</Filter>
    </ClInclude>
    <ClInclude Include="UIDefine.h">
      <Filter>头文件</Filter>
    </ClInclude>
    <ClInclude Include="Control\Layout\UIContainer.h">
      <Filter>头文件\Control\Layout</Filter>
    </ClInclude>
    <ClInclude Include="Control\UIControl.h">
      <Filter>头文件\Control</Filter>
    </ClInclude>
    <ClInclude Include="Core\UIDlgBuilder.h">
      <Filter>头文件\Core</Filter>
    </ClInclude>
    <ClInclude Include="Core\UIWindow.h">
      <Filter>头文件\Core</Filter>
    </ClInclude>
    <ClInclude Include="Core\Render\UIRender.h">
      <Filter>头文件\Core\Render</Filter>
    </ClInclude>
    <ClInclude Include="Core\Render\UIRenderGDIP.h">
      <Filter>头文件\Core\Render</Filter>
    </ClInclude>
    <ClInclude Include="Core\UIConfig.h">
      <Filter>头文件\Core</Filter>
    </ClInclude>
  </ItemGroup>
  <ItemGroup>
    <ClCompile Include="StdAfx.cpp">
      <Filter>源文件</Filter>
    </ClCompile>
    <ClCompile Include="DuiMini.cpp">
      <Filter>源文件</Filter>
    </ClCompile>
    <ClCompile Include="Core\UISystem.cpp">
      <Filter>源文件\Core</Filter>
    </ClCompile>
    <ClCompile Include="Utils\UIRecLog.cpp">
      <Filter>源文件\Utils</Filter>
    </ClCompile>
    <ClCompile Include="Utils\UIUtils.cpp">
      <Filter>源文件\Utils</Filter>
    </ClCompile>
    <ClCompile Include="thirdpart\zlib\ioapi.c">
      <Filter>源文件\thirdpart\zlib</Filter>
    </ClCompile>
    <ClCompile Include="thirdpart\zlib\iowin32.c">
      <Filter>源文件\thirdpart\zlib</Filter>
    </ClCompile>
    <ClCompile Include="thirdpart\zlib\unzip.c">
      <Filter>源文件\thirdpart\zlib</Filter>
    </ClCompile>
    <ClCompile Include="Utils\UIException.cpp">
      <Filter>源文件\Utils</Filter>
    </ClCompile>
    <ClCompile Include="Core\Resource\UIResFile.cpp">
      <Filter>源文件\Core\Resource</Filter>
    </ClCompile>
    <ClCompile Include="Core\Resource\UIResZip.cpp">
      <Filter>源文件\Core\Resource</Filter>
    </ClCompile>
    <ClCompile Include="Utils\UIUnzip.cpp">
      <Filter>源文件\Utils</Filter>
    </ClCompile>
    <ClCompile Include="Core\Resource\UIResRC.cpp">
      <Filter>源文件\Core\Resource</Filter>
    </ClCompile>
    <ClCompile Include="Core\Resource\UIResource.cpp">
      <Filter>源文件\Core\Resource</Filter>
    </ClCompile>
    <ClCompile Include="Core\UIDialog.cpp">
      <Filter>源文件\Core</Filter>
    </ClCompile>
    <ClCompile Include="Control\Layout\UIContainer.cpp">
      <Filter>源文件\Control\Layout</Filter>
    </ClCompile>
    <ClCompile Include="Control\UIControl.cpp">
      <Filter>源文件\Control</Filter>
    </ClCompile>
    <ClCompile Include="Core\UIDlgBuilder.cpp">
      <Filter>源文件\Core</Filter>
    </ClCompile>
    <ClCompile Include="Core\UIWindow.cpp">
      <Filter>源文件\Core</Filter>
    </ClCompile>
    <ClCompile Include="Core\Render\UIRender.cpp">
      <Filter>源文件\Core\Render</Filter>
    </ClCompile>
    <ClCompile Include="Core\Render\UIRenderGDIP.cpp">
      <Filter>源文件\Core\Render</Filter>
    </ClCompile>
    <ClCompile Include="Core\UIConfig.cpp">
      <Filter>源文件\Core</Filter>
    </ClCompile>
  </ItemGroup>
  <ItemGroup>
    <ResourceCompile Include="DuiMini.rc">
      <Filter>资源文件</Filter>
    </ResourceCompile>
  </ItemGroup>
  <ItemGroup>
    <Library Include="thirdpart\zlib\zlib_x64.lib">
      <Filter>资源文件</Filter>
    </Library>
    <Library Include="thirdpart\zlib\zlib_x86.lib">
      <Filter>资源文件</Filter>
    </Library>
  </ItemGroup>
</Project>